
Microsoft Visual Studio Solution File, Format Version 10.00
# Visual C# Express 2008
Project("{FAE04EC0-301F-11D3-BF4B-00C04F79EFBC}") = "JamSoft.CALDemo.Modules.PageManager", "JamSoft.CALDemo.Modules.PageManager\JamSoft.CALDemo.Modules.PageManager.csproj", "{9052BCFC-3024-44F1-A45C-D7FC727545AD}"
EndProject
Project("{FAE04EC0-301F-11D3-BF4B-00C04F79EFBC}") = "JamSoft.CALDemo.Modules.PageManager.Core", "JamSoft.CALDemo.Modules.PageManager.Core\JamSoft.CALDemo.Modules.PageManager.Core.csproj", "{FE0D8ABD-4393-4247-BD89-ED8D42835D83}"
EndProject
Global
	GlobalSection(SolutionConfigurationPlatforms) = preSolution
		Debug|Any CPU = Debug|Any CPU
		Release|Any CPU = Release|Any CPU
	EndGlobalSection
	GlobalSection(ProjectConfigurationPlatforms) = postSolution
		{9052BCFC-3024-44F1-A45C-D7FC727545AD}.Debug|Any CPU.ActiveCfg = Debug|Any CPU
		{9052BCFC-3024-44F1-A45C-D7FC727545AD}.Debug|Any CPU.Build.0 = Debug|Any CPU
		{9052BCFC-3024-44F1-A45C-D7FC727545AD}.Release|Any CPU.ActiveCfg = Release|Any CPU
		{9052BCFC-3024-44F1-A45C-D7FC727545AD}.Release|Any CPU.Build.0 = Release|Any CPU
		{FE0D8ABD-4393-4247-BD89-ED8D42835D83}.Debug|Any CPU.ActiveCfg = Debug|Any CPU
		{FE0D8ABD-4393-4247-BD89-ED8D42835D83}.Debug|Any CPU.Build.0 = Debug|Any CPU
		{FE0D8ABD-4393-4247-BD89-ED8D42835D83}.Release|Any CPU.ActiveCfg = Release|Any CPU
		{FE0D8ABD-4393-4247-BD89-ED8D42835D83}.Release|Any CPU.Build.0 = Release|Any CPU
	EndGlobalSection
	GlobalSection(SolutionProperties) = preSolution
		HideSolutionNode = FALSE
	EndGlobalSection
EndGlobal
