
Microsoft Visual Studio Solution File, Format Version 10.00
# Visual C# Express 2008
Project("{FAE04EC0-301F-11D3-BF4B-00C04F79EFBC}") = "JamSoft.CALDemo.Modules.ModuleB", "JamSoft.CALDemo.Modules.ModuleB\JamSoft.CALDemo.Modules.ModuleB.csproj", "{56CC3287-188D-45D7-8433-ACADC6EC8F0E}"
EndProject
Project("{FAE04EC0-301F-11D3-BF4B-00C04F79EFBC}") = "JamSoft.CALDemo.Modules.ModuleB.Core", "JamSoft.CALDemo.Modules.ModuleB.Core\JamSoft.CALDemo.Modules.ModuleB.Core.csproj", "{FE88EFAE-3F17-41EE-AA59-FE470E23F6A1}"
EndProject
Global
	GlobalSection(SolutionConfigurationPlatforms) = preSolution
		Debug|Any CPU = Debug|Any CPU
		Release|Any CPU = Release|Any CPU
	EndGlobalSection
	GlobalSection(ProjectConfigurationPlatforms) = postSolution
		{56CC3287-188D-45D7-8433-ACADC6EC8F0E}.Debug|Any CPU.ActiveCfg = Debug|Any CPU
		{56CC3287-188D-45D7-8433-ACADC6EC8F0E}.Debug|Any CPU.Build.0 = Debug|Any CPU
		{56CC3287-188D-45D7-8433-ACADC6EC8F0E}.Release|Any CPU.ActiveCfg = Release|Any CPU
		{56CC3287-188D-45D7-8433-ACADC6EC8F0E}.Release|Any CPU.Build.0 = Release|Any CPU
		{FE88EFAE-3F17-41EE-AA59-FE470E23F6A1}.Debug|Any CPU.ActiveCfg = Debug|Any CPU
		{FE88EFAE-3F17-41EE-AA59-FE470E23F6A1}.Debug|Any CPU.Build.0 = Debug|Any CPU
		{FE88EFAE-3F17-41EE-AA59-FE470E23F6A1}.Release|Any CPU.ActiveCfg = Release|Any CPU
		{FE88EFAE-3F17-41EE-AA59-FE470E23F6A1}.Release|Any CPU.Build.0 = Release|Any CPU
	EndGlobalSection
	GlobalSection(SolutionProperties) = preSolution
		HideSolutionNode = FALSE
	EndGlobalSection
EndGlobal
