
Microsoft Visual Studio Solution File, Format Version 10.00
# Visual C# Express 2008
Project("{FAE04EC0-301F-11D3-BF4B-00C04F79EFBC}") = "JamSoft.CALDemo.Shell", "JamSoft.CALDemo.Shell\JamSoft.CALDemo.Shell.csproj", "{38E4A08A-5F12-4370-A869-437757856D9F}"
EndProject
Global
	GlobalSection(SolutionConfigurationPlatforms) = preSolution
		Debug|Any CPU = Debug|Any CPU
		Release|Any CPU = Release|Any CPU
	EndGlobalSection
	GlobalSection(ProjectConfigurationPlatforms) = postSolution
		{38E4A08A-5F12-4370-A869-437757856D9F}.Debug|Any CPU.ActiveCfg = Debug|Any CPU
		{38E4A08A-5F12-4370-A869-437757856D9F}.Debug|Any CPU.Build.0 = Debug|Any CPU
		{38E4A08A-5F12-4370-A869-437757856D9F}.Release|Any CPU.ActiveCfg = Release|Any CPU
		{38E4A08A-5F12-4370-A869-437757856D9F}.Release|Any CPU.Build.0 = Release|Any CPU
	EndGlobalSection
	GlobalSection(SolutionProperties) = preSolution
		HideSolutionNode = FALSE
	EndGlobalSection
EndGlobal
