
Microsoft Visual Studio Solution File, Format Version 10.00
# Visual C# Express 2008
Project("{FAE04EC0-301F-11D3-BF4B-00C04F79EFBC}") = "JamSoft.CALDemo.Modules.StatusBar", "JamSoft.CALDemo.Modules.StatusBar\JamSoft.CALDemo.Modules.StatusBar.csproj", "{D2FECF44-AFFF-45FE-8917-96CA708F7431}"
EndProject
Project("{FAE04EC0-301F-11D3-BF4B-00C04F79EFBC}") = "JamSoft.CALDemo.Modules.StatusBar.Core", "JamSoft.CALDemo.Modules.StatusBar.Core\JamSoft.CALDemo.Modules.StatusBar.Core.csproj", "{02E7C214-9E19-4317-A482-04C1C3B33DC6}"
EndProject
Global
	GlobalSection(SolutionConfigurationPlatforms) = preSolution
		Debug|Any CPU = Debug|Any CPU
		Release|Any CPU = Release|Any CPU
	EndGlobalSection
	GlobalSection(ProjectConfigurationPlatforms) = postSolution
		{D2FECF44-AFFF-45FE-8917-96CA708F7431}.Debug|Any CPU.ActiveCfg = Debug|Any CPU
		{D2FECF44-AFFF-45FE-8917-96CA708F7431}.Debug|Any CPU.Build.0 = Debug|Any CPU
		{D2FECF44-AFFF-45FE-8917-96CA708F7431}.Release|Any CPU.ActiveCfg = Release|Any CPU
		{D2FECF44-AFFF-45FE-8917-96CA708F7431}.Release|Any CPU.Build.0 = Release|Any CPU
		{02E7C214-9E19-4317-A482-04C1C3B33DC6}.Debug|Any CPU.ActiveCfg = Debug|Any CPU
		{02E7C214-9E19-4317-A482-04C1C3B33DC6}.Debug|Any CPU.Build.0 = Debug|Any CPU
		{02E7C214-9E19-4317-A482-04C1C3B33DC6}.Release|Any CPU.ActiveCfg = Release|Any CPU
		{02E7C214-9E19-4317-A482-04C1C3B33DC6}.Release|Any CPU.Build.0 = Release|Any CPU
	EndGlobalSection
	GlobalSection(SolutionProperties) = preSolution
		HideSolutionNode = FALSE
	EndGlobalSection
EndGlobal
