
Microsoft Visual Studio Solution File, Format Version 10.00
# Visual C# Express 2008
Project("{FAE04EC0-301F-11D3-BF4B-00C04F79EFBC}") = "JamSoft.CALDemo.Modules.ModuleA", "JamSoft.CALDemo.Modules.ModuleA\JamSoft.CALDemo.Modules.ModuleA.csproj", "{111FD035-5FC4-402C-87B9-F7D4C02CAB14}"
EndProject
Project("{FAE04EC0-301F-11D3-BF4B-00C04F79EFBC}") = "JamSoft.CALDemo.Modules.ModuleA.Core", "JamSoft.CALDemo.Modules.ModuleA.Core\JamSoft.CALDemo.Modules.ModuleA.Core.csproj", "{C0385709-C98D-4D0D-96B6-8D2E681A2DBB}"
EndProject
Global
	GlobalSection(SolutionConfigurationPlatforms) = preSolution
		Debug|Any CPU = Debug|Any CPU
		Release|Any CPU = Release|Any CPU
	EndGlobalSection
	GlobalSection(ProjectConfigurationPlatforms) = postSolution
		{111FD035-5FC4-402C-87B9-F7D4C02CAB14}.Debug|Any CPU.ActiveCfg = Debug|Any CPU
		{111FD035-5FC4-402C-87B9-F7D4C02CAB14}.Debug|Any CPU.Build.0 = Debug|Any CPU
		{111FD035-5FC4-402C-87B9-F7D4C02CAB14}.Release|Any CPU.ActiveCfg = Release|Any CPU
		{111FD035-5FC4-402C-87B9-F7D4C02CAB14}.Release|Any CPU.Build.0 = Release|Any CPU
		{C0385709-C98D-4D0D-96B6-8D2E681A2DBB}.Debug|Any CPU.ActiveCfg = Debug|Any CPU
		{C0385709-C98D-4D0D-96B6-8D2E681A2DBB}.Debug|Any CPU.Build.0 = Debug|Any CPU
		{C0385709-C98D-4D0D-96B6-8D2E681A2DBB}.Release|Any CPU.ActiveCfg = Release|Any CPU
		{C0385709-C98D-4D0D-96B6-8D2E681A2DBB}.Release|Any CPU.Build.0 = Release|Any CPU
	EndGlobalSection
	GlobalSection(SolutionProperties) = preSolution
		HideSolutionNode = FALSE
	EndGlobalSection
EndGlobal
